Microsoft Visual Studio Solution File, Format Version 8.00
Project("{8BC9CEB8-8B4A-11D0-8D11-00A0C91BC942}") = "framework", "framework\framework.vcproj", "{07DE7AE6-6EBF-4768-B5B0-79FFDFDF2E52}"
	ProjectSection(ProjectDependencies) = postProject
	EndProjectSection
EndProject
Project("{8BC9CEB8-8B4A-11D0-8D11-00A0C91BC942}") = "app", "app\app.vcproj", "{CB960DBD-BD16-4F92-B886-7621289C3432}"
	ProjectSection(ProjectDependencies) = postProject
	EndProjectSection
EndProject
Project("{8BC9CEB8-8B4A-11D0-8D11-00A0C91BC942}") = "gzresource", "gzresource\gzresource.vcproj", "{36A6F12F-27B0-4088-A299-49DAF01ABE29}"
	ProjectSection(ProjectDependencies) = postProject
		{07DE7AE6-6EBF-4768-B5B0-79FFDFDF2E52} = {07DE7AE6-6EBF-4768-B5B0-79FFDFDF2E52}
	EndProjectSection
EndProject
Global
	GlobalSection(SolutionConfiguration) = preSolution
		Debug = Debug
		Release = Release
	EndGlobalSection
	GlobalSection(ProjectDependencies) = postSolution
	EndGlobalSection
	GlobalSection(ProjectConfiguration) = postSolution
		{07DE7AE6-6EBF-4768-B5B0-79FFDFDF2E52}.Debug.ActiveCfg = Debug|Win32
		{07DE7AE6-6EBF-4768-B5B0-79FFDFDF2E52}.Debug.Build.0 = Debug|Win32
		{07DE7AE6-6EBF-4768-B5B0-79FFDFDF2E52}.Release.ActiveCfg = Release|Win32
		{07DE7AE6-6EBF-4768-B5B0-79FFDFDF2E52}.Release.Build.0 = Release|Win32
		{CB960DBD-BD16-4F92-B886-7621289C3432}.Debug.ActiveCfg = Debug|Win32
		{CB960DBD-BD16-4F92-B886-7621289C3432}.Debug.Build.0 = Debug|Win32
		{CB960DBD-BD16-4F92-B886-7621289C3432}.Release.ActiveCfg = Release|Win32
		{CB960DBD-BD16-4F92-B886-7621289C3432}.Release.Build.0 = Release|Win32
		{36A6F12F-27B0-4088-A299-49DAF01ABE29}.Debug.ActiveCfg = Debug|Win32
		{36A6F12F-27B0-4088-A299-49DAF01ABE29}.Debug.Build.0 = Debug|Win32
		{36A6F12F-27B0-4088-A299-49DAF01ABE29}.Release.ActiveCfg = Release|Win32
		{36A6F12F-27B0-4088-A299-49DAF01ABE29}.Release.Build.0 = Release|Win32
	EndGlobalSection
	GlobalSection(ExtensibilityGlobals) = postSolution
	EndGlobalSection
	GlobalSection(ExtensibilityAddIns) = postSolution
	EndGlobalSection
EndGlobal
